
Microsoft Visual Studio Solution File, Format Version 12.00
# Visual Studio Version 17
VisualStudioVersion = 17.13.35825.156
MinimumVisualStudioVersion = 10.0.40219.1
Project("{FAE04EC0-301F-11D3-BF4B-00C04F79EFBC}") = "AuthApi", "AuthApi\AuthApi.csproj", "{1F113529-5FBE-483B-B7D8-2029E2EFA1E7}"
EndProject
Project("{2150E333-8FDC-42A3-9474-1A3956D46DE8}") = "Elementos de la solución", "Elementos de la solución", "{D107F4C8-89CC-BEA8-D3D7-CA6B7733353D}"
EndProject
Global
	GlobalSection(SolutionConfigurationPlatforms) = preSolution
		Debug|Any CPU = Debug|Any CPU
		Release|Any CPU = Release|Any CPU
	EndGlobalSection
	GlobalSection(ProjectConfigurationPlatforms) = postSolution
		{1F113529-5FBE-483B-B7D8-2029E2EFA1E7}.Debug|Any CPU.ActiveCfg = Debug|Any CPU
		{1F113529-5FBE-483B-B7D8-2029E2EFA1E7}.Debug|Any CPU.Build.0 = Debug|Any CPU
		{1F113529-5FBE-483B-B7D8-2029E2EFA1E7}.Release|Any CPU.ActiveCfg = Release|Any CPU
		{1F113529-5FBE-483B-B7D8-2029E2EFA1E7}.Release|Any CPU.Build.0 = Release|Any CPU
	EndGlobalSection
	GlobalSection(SolutionProperties) = preSolution
		HideSolutionNode = FALSE
	EndGlobalSection
	GlobalSection(ExtensibilityGlobals) = postSolution
		SolutionGuid = {9C466168-0265-4F45-B864-5158739DE97B}
	EndGlobalSection
EndGlobal
